
Microsoft Visual Studio Solution File, Format Version 12.00
# Visual Studio Version 17
VisualStudioVersion = 17.1.32421.90
MinimumVisualStudioVersion = 10.0.40219.1
Project("{FAE04EC0-301F-11D3-BF4B-00C04F79EFBC}") = "UuidMaster.API", "UuidMaster.API\UuidMaster.API.csproj", "{C1AB6064-9469-462F-96E9-6AE6AB84A5C3}"
EndProject
Global
	GlobalSection(SolutionConfigurationPlatforms) = preSolution
		Debug|Any CPU = Debug|Any CPU
		Release|Any CPU = Release|Any CPU
	EndGlobalSection
	GlobalSection(ProjectConfigurationPlatforms) = postSolution
		{C1AB6064-9469-462F-96E9-6AE6AB84A5C3}.Debug|Any CPU.ActiveCfg = Debug|Any CPU
		{C1AB6064-9469-462F-96E9-6AE6AB84A5C3}.Debug|Any CPU.Build.0 = Debug|Any CPU
		{C1AB6064-9469-462F-96E9-6AE6AB84A5C3}.Release|Any CPU.ActiveCfg = Release|Any CPU
		{C1AB6064-9469-462F-96E9-6AE6AB84A5C3}.Release|Any CPU.Build.0 = Release|Any CPU
	EndGlobalSection
	GlobalSection(SolutionProperties) = preSolution
		HideSolutionNode = FALSE
	EndGlobalSection
	GlobalSection(ExtensibilityGlobals) = postSolution
		SolutionGuid = {2D8A349C-461A-4134-BB79-570D56F9E6E0}
	EndGlobalSection
EndGlobal
